<?xml version="1.0" encoding="utf-8"?>
<Project ToolsVersion="4.0" xmlns="http://schemas.microsoft.com/developer/msbuild/2003">
  <ItemGroup>
    <Filter Include="Source Files">
      <UniqueIdentifier>{4FC737F1-C7A5-4376-A066-2A32D752A2FF}</UniqueIdentifier>
      <Extensions>cpp;c;cc;cxx;def;odl;idl;hpj;bat;asm;asmx</Extensions>
    </Filter>
    <Filter Include="Header Files">
      <UniqueIdentifier>{93995380-89BD-4b04-88EB-625FBE52EBFB}</UniqueIdentifier>
      <Extensions>h;hh;hpp;hxx;hm;inl;inc;ipp;xsd</Extensions>
    </Filter>
    <Filter Include="Resource Files">
      <UniqueIdentifier>{67DA6AB6-F800-4c08-8B7A-83BB121AAD01}</UniqueIdentifier>
      <Extensions>rc;ico;cur;bmp;dlg;rc2;rct;bin;rgs;gif;jpg;jpeg;jpe;resx;tiff;tif;png;wav;mfcribbon-ms</Extensions>
    </Filter>
    <Filter Include="Header Files\CPUParticleEngine">
      <UniqueIdentifier>{5fbce90c-a1c0-4f9f-98d3-445e4a0af79c}</UniqueIdentifier>
    </Filter>
    <Filter Include="Header Files\CPUParticleEngine\Emitters">
      <UniqueIdentifier>{bd317d5c-9614-45c4-bf9a-0f70fcea783e}</UniqueIdentifier>
    </Filter>
    <Filter Include="Source Files\CPUParticleEngine">
      <UniqueIdentifier>{ca045ed7-5d35-44ed-9839-524e33375094}</UniqueIdentifier>
    </Filter>
    <Filter Include="Source Files\CPUParticleEngine\Emitters">
      <UniqueIdentifier>{9570c16c-f839-4ff1-a3ea-23874d816cff}</UniqueIdentifier>
    </Filter>
    <Filter Include="Header Files\CPUParticleEngine\Modifiers">
      <UniqueIdentifier>{7338efdc-26a9-428b-b22e-8deb458aac12}</UniqueIdentifier>
    </Filter>
    <Filter Include="Source Files\CPUParticleEngine\Modifiers">
      <UniqueIdentifier>{d31ddc91-e072-4a2a-96ab-edc3048042ad}</UniqueIdentifier>
    </Filter>
  </ItemGroup>
  <ItemGroup>
    <ClCompile Include="Main.cpp">
      <Filter>Source Files</Filter>
    </ClCompile>
    <ClCompile Include="BulletUtility.cpp">
      <Filter>Source Files</Filter>
    </ClCompile>
    <ClCompile Include="ParticleEmitterPoint.cpp">
      <Filter>Source Files\CPUParticleEngine\Emitters</Filter>
    </ClCompile>
    <ClCompile Include="ParticleSystem.cpp">
      <Filter>Source Files\CPUParticleEngine</Filter>
    </ClCompile>
    <ClCompile Include="ParticleModifierAcceleration.cpp">
      <Filter>Source Files\CPUParticleEngine\Modifiers</Filter>
    </ClCompile>
    <ClCompile Include="ParticleModifierGrowth.cpp">
      <Filter>Source Files\CPUParticleEngine\Modifiers</Filter>
    </ClCompile>
    <ClCompile Include="ParticleEmitterCylinder.cpp">
      <Filter>Source Files\CPUParticleEngine\Emitters</Filter>
    </ClCompile>
    <ClCompile Include="ParticleEmitterSphere.cpp">
      <Filter>Source Files\CPUParticleEngine\Emitters</Filter>
    </ClCompile>
    <ClCompile Include="DShowVideoPlayer.cpp">
      <Filter>Source Files</Filter>
    </ClCompile>
  </ItemGroup>
  <ItemGroup>
    <ClInclude Include="BulletUtility.h">
      <Filter>Header Files</Filter>
    </ClInclude>
    <ClInclude Include="Main.h">
      <Filter>Header Files</Filter>
    </ClInclude>
    <ClInclude Include="ParticleEmitter.h">
      <Filter>Header Files\CPUParticleEngine</Filter>
    </ClInclude>
    <ClInclude Include="ParticleEmitterPoint.h">
      <Filter>Header Files\CPUParticleEngine\Emitters</Filter>
    </ClInclude>
    <ClInclude Include="ParticleType.h">
      <Filter>Header Files\CPUParticleEngine</Filter>
    </ClInclude>
    <ClInclude Include="ParticleModifier.h">
      <Filter>Header Files\CPUParticleEngine</Filter>
    </ClInclude>
    <ClInclude Include="ParticleModifierAcceleration.h">
      <Filter>Header Files\CPUParticleEngine\Modifiers</Filter>
    </ClInclude>
    <ClInclude Include="ParticleSystem.h">
      <Filter>Header Files\CPUParticleEngine</Filter>
    </ClInclude>
    <ClInclude Include="ParticleModifierGrowth.h">
      <Filter>Header Files\CPUParticleEngine\Modifiers</Filter>
    </ClInclude>
    <ClInclude Include="ParticleEmitterCylinder.h">
      <Filter>Header Files\CPUParticleEngine\Emitters</Filter>
    </ClInclude>
    <ClInclude Include="GameMath.h">
      <Filter>Header Files</Filter>
    </ClInclude>
    <ClInclude Include="ParticleEmitterSphere.h">
      <Filter>Header Files\CPUParticleEngine\Emitters</Filter>
    </ClInclude>
    <ClInclude Include="DShowVideoPlayer.h">
      <Filter>Header Files</Filter>
    </ClInclude>
    <ClInclude Include="Types.h">
      <Filter>Header Files</Filter>
    </ClInclude>
  </ItemGroup>
</Project>